
Microsoft Visual Studio Solution File, Format Version 12.00
# Visual Studio Version 16
VisualStudioVersion = 16.0.29403.142
MinimumVisualStudioVersion = 10.0.40219.1
Project("{9A19103F-16F7-4668-BE54-9A1E7A4F7556}") = "RoadTrip", "RoadTrip\RoadTrip.csproj", "{EC93A954-A85B-4FF6-AA9F-28C7B6EA3C11}"
EndProject
Project("{9A19103F-16F7-4668-BE54-9A1E7A4F7556}") = "RoadTripBenchmark", "RoadTripBenchmark\RoadTripBenchmark.csproj", "{3B19A872-B520-49E9-8527-888520404192}"
EndProject
Project("{9A19103F-16F7-4668-BE54-9A1E7A4F7556}") = "RoadTripTest", "RoadTripTest\RoadTripTest.csproj", "{EF257160-8B90-44D1-BD58-684F6B2B9BEF}"
EndProject
Project("{9A19103F-16F7-4668-BE54-9A1E7A4F7556}") = "Leopotam.Ecs", "ecs-20191022\Leopotam.Ecs.csproj", "{5F429894-F90C-4FB3-A3A1-94C35D451B66}"
EndProject
Global
	GlobalSection(SolutionConfigurationPlatforms) = preSolution
		Debug|Any CPU = Debug|Any CPU
		Release|Any CPU = Release|Any CPU
	EndGlobalSection
	GlobalSection(ProjectConfigurationPlatforms) = postSolution
		{EC93A954-A85B-4FF6-AA9F-28C7B6EA3C11}.Debug|Any CPU.ActiveCfg = Debug|Any CPU
		{EC93A954-A85B-4FF6-AA9F-28C7B6EA3C11}.Debug|Any CPU.Build.0 = Debug|Any CPU
		{EC93A954-A85B-4FF6-AA9F-28C7B6EA3C11}.Release|Any CPU.ActiveCfg = Release|Any CPU
		{EC93A954-A85B-4FF6-AA9F-28C7B6EA3C11}.Release|Any CPU.Build.0 = Release|Any CPU
		{3B19A872-B520-49E9-8527-888520404192}.Debug|Any CPU.ActiveCfg = Debug|Any CPU
		{3B19A872-B520-49E9-8527-888520404192}.Debug|Any CPU.Build.0 = Debug|Any CPU
		{3B19A872-B520-49E9-8527-888520404192}.Release|Any CPU.ActiveCfg = Release|Any CPU
		{3B19A872-B520-49E9-8527-888520404192}.Release|Any CPU.Build.0 = Release|Any CPU
		{EF257160-8B90-44D1-BD58-684F6B2B9BEF}.Debug|Any CPU.ActiveCfg = Debug|Any CPU
		{EF257160-8B90-44D1-BD58-684F6B2B9BEF}.Debug|Any CPU.Build.0 = Debug|Any CPU
		{EF257160-8B90-44D1-BD58-684F6B2B9BEF}.Release|Any CPU.ActiveCfg = Release|Any CPU
		{EF257160-8B90-44D1-BD58-684F6B2B9BEF}.Release|Any CPU.Build.0 = Release|Any CPU
		{5F429894-F90C-4FB3-A3A1-94C35D451B66}.Debug|Any CPU.ActiveCfg = Debug|Any CPU
		{5F429894-F90C-4FB3-A3A1-94C35D451B66}.Debug|Any CPU.Build.0 = Debug|Any CPU
		{5F429894-F90C-4FB3-A3A1-94C35D451B66}.Release|Any CPU.ActiveCfg = Release|Any CPU
		{5F429894-F90C-4FB3-A3A1-94C35D451B66}.Release|Any CPU.Build.0 = Release|Any CPU
	EndGlobalSection
	GlobalSection(SolutionProperties) = preSolution
		HideSolutionNode = FALSE
	EndGlobalSection
	GlobalSection(ExtensibilityGlobals) = postSolution
		SolutionGuid = {E231EF5E-9626-4C40-90FE-53B57381C3EA}
	EndGlobalSection
EndGlobal
